
Microsoft Visual Studio Solution File, Format Version 12.00
# Visual Studio Version 17
VisualStudioVersion = 17.13.35825.156 d17.13
MinimumVisualStudioVersion = 10.0.40219.1
Project("{FAE04EC0-301F-11D3-BF4B-00C04F79EFBC}") = "TinyUrl", "..\TinyUrl\TinyUrl.csproj", "{797527A9-1C06-651C-DBC6-47382203EA44}"
EndProject
Global
	GlobalSection(SolutionConfigurationPlatforms) = preSolution
		Debug|Any CPU = Debug|Any CPU
		Release|Any CPU = Release|Any CPU
	EndGlobalSection
	GlobalSection(ProjectConfigurationPlatforms) = postSolution
		{797527A9-1C06-651C-DBC6-47382203EA44}.Debug|Any CPU.ActiveCfg = Debug|Any CPU
		{797527A9-1C06-651C-DBC6-47382203EA44}.Debug|Any CPU.Build.0 = Debug|Any CPU
		{797527A9-1C06-651C-DBC6-47382203EA44}.Release|Any CPU.ActiveCfg = Release|Any CPU
		{797527A9-1C06-651C-DBC6-47382203EA44}.Release|Any CPU.Build.0 = Release|Any CPU
	EndGlobalSection
	GlobalSection(SolutionProperties) = preSolution
		HideSolutionNode = FALSE
	EndGlobalSection
	GlobalSection(ExtensibilityGlobals) = postSolution
		SolutionGuid = {521FB702-E166-4A2A-BD53-7B6C7994CEFA}
	EndGlobalSection
EndGlobal
